// !$*UTF8*$!
{
	archiveVersion = 1;
	classes = {
	};
	objectVersion = 46;
	objects = {

/* Begin PBXBuildFile section */
		FFD4F5B01E48DBFF002022B0 /* AppDelegate.swift in Sources */ = {isa = PBXBuildFile; fileRef = FFD4F5AF1E48DBFF002022B0 /* AppDelegate.swift */; };
		FFD4F5B21E48DBFF002022B0 /* ViewController.swift in Sources */ = {isa = PBXBuildFile; fileRef = FFD4F5B11E48DBFF002022B0 /* ViewController.swift */; };
		FFD4F5B51E48DBFF002022B0 /* Main.storyboard in Resources */ = {isa = PBXBuildFile; fileRef = FFD4F5B31E48DBFF002022B0 /* Main.storyboard */; };
		FFD4F5B71E48DBFF002022B0 /* Assets.xcassets in Resources */ = {isa = PBXBuildFile; fileRef = FFD4F5B61E48DBFF002022B0 /* Assets.xcassets */; };
		FFD4F5BA1E48DBFF002022B0 /* LaunchScreen.storyboard in Resources */ = {isa = PBXBuildFile; fileRef = FFD4F5B81E48DBFF002022B0 /* LaunchScreen.storyboard */; };
/* End PBXBuildFile section */

/* Begin PBXFileReference section */
		FFD4F5AC1E48DBFF002022B0 /* Moviehub.app */ = {isa = PBXFileReference; explicitFileType = wrapper.application; includeInIndex = 0; path = Moviehub.app; sourceTree = BUILT_PRODUCTS_DIR; };
		FFD4F5AF1E48DBFF002022B0 /* AppDelegate.swift */ = {isa = PBXFileReference; lastKnownFileType = sourcecode.swift; path = AppDelegate.swift; sourceTree = "<group>"; };
		FFD4F5B11E48DBFF002022B0 /* ViewController.swift */ = {isa = PBXFileReference; lastKnownFileType = sourcecode.swift; path = ViewController.swift; sourceTree = "<group>"; };
		FFD4F5B41E48DBFF002022B0 /* Base */ = {isa = PBXFileReference; lastKnownFileType = file.storyboard; name = Base; path = Base.lproj/Main.storyboard; sourceTree = "<group>"; };
		FFD4F5B61E48DBFF002022B0 /* Assets.xcassets */ = {isa = PBXFileReference; lastKnownFileType = folder.assetcatalog; path = Assets.xcassets; sourceTree = "<group>"; };
		FFD4F5B91E48DBFF002022B0 /* Base */ = {isa = PBXFileReference; lastKnownFileType = file.storyboard; name = Base; path = Base.lproj/LaunchScreen.storyboard; sourceTree = "<group>"; };
		FFD4F5BB1E48DBFF002022B0 /* Info.plist */ = {isa = PBXFileReference; lastKnownFileType = text.plist.xml; path = Info.plist; sourceTree = "<group>"; };
/* End PBXFileReference section */

/* Begin PBXFrameworksBuildPhase section */
		FFD4F5A91E48DBFF002022B0 /* Frameworks */ = {
			isa = PBXFrameworksBuildPhase;
			buildActionMask = 2147483647;
			files = (
			);
			runOnlyForDeploymentPostprocessing = 0;
		};
/* End PBXFrameworksBuildPhase section */

/* Begin PBXGroup section */
		FFD4F5A31E48DBFE002022B0 = {
			isa = PBXGroup;
			children = (
				FFD4F5AE1E48DBFF002022B0 /* Moviehub */,
				FFD4F5AD1E48DBFF002022B0 /* Products */,
			);
			sourceTree = "<group>";
		};
		FFD4F5AD1E48DBFF002022B0 /* Products */ = {
			isa = PBXGroup;
			children = (
				FFD4F5AC1E48DBFF002022B0 /* Moviehub.app */,
			);
			name = Products;
			sourceTree = "<group>";
		};
		FFD4F5AE1E48DBFF002022B0 /* Moviehub */ = {
			isa = PBXGroup;
			children = (
				FFD4F5AF1E48DBFF002022B0 /* AppDelegate.swift */,
				FFD4F5B11E48DBFF002022B0 /* ViewController.swift */,
				FFD4F5B31E48DBFF002022B0 /* Main.storyboard */,
				FFD4F5B61E48DBFF002022B0 /* Assets.xcassets */,
				FFD4F5B81E48DBFF002022B0 /* LaunchScreen.storyboard */,
				FFD4F5BB1E48DBFF002022B0 /* Info.plist */,
			);
			path = Moviehub;
			sourceTree = "<group>";
		};
/* End PBXGroup section */

/* Begin PBXNativeTarget section */
		FFD4F5AB1E48DBFF002022B0 /* Moviehub */ = {
			isa = PBXNativeTarget;
			buildConfigurationList = FFD4F5BE1E48DBFF002022B0 /* Build configuration list for PBXNativeTarget "Moviehub" */;
			buildPhases = (
				FFD4F5A81E48DBFF002022B0 /* Sources */,
				FFD4F5A91E48DBFF002022B0 /* Frameworks */,
				FFD4F5AA1E48DBFF002022B0 /* Resources */,
			);
			buildRules = (
			);
			dependencies = (
			);
			name = Moviehub;
			productName = Moviehub;
			productReference = FFD4F5AC1E48DBFF002022B0 /* Moviehub.app */;
			productType = "com.apple.product-type.application";
		};
/* End PBXNativeTarget section */

/* Begin PBXProject section */
		FFD4F5A41E48DBFE002022B0 /* Project object */ = {
			isa = PBXProject;
			attributes = {
				LastSwiftUpdateCheck = 0820;
				LastUpgradeCheck = 0820;
				ORGANIZATIONNAME = "Oskar Ek";
				TargetAttributes = {
					FFD4F5AB1E48DBFF002022B0 = {
						CreatedOnToolsVersion = 8.2.1;
						DevelopmentTeam = 6XNB472P6E;
						ProvisioningStyle = Automatic;
					};
				};
			};
			buildConfigurationList = FFD4F5A71E48DBFE002022B0 /* Build configuration list for PBXProject "Moviehub" */;
			compatibilityVersion = "Xcode 3.2";
			developmentRegion = English;
			hasScannedForEncodings = 0;
			knownRegions = (
				en,
				Base,
			);
			mainGroup = FFD4F5A31E48DBFE002022B0;
			productRefGroup = FFD4F5AD1E48DBFF002022B0 /* Products */;
			projectDirPath = "";
			projectRoot = "";
			targets = (
				FFD4F5AB1E48DBFF002022B0 /* Moviehub */,
			);
		};
/* End PBXProject section */

/* Begin PBXResourcesBuildPhase section */
		FFD4F5AA1E48DBFF002022B0 /* Resources */ = {
			isa = PBXResourcesBuildPhase;
			buildActionMask = 2147483647;
			files = (
				FFD4F5BA1E48DBFF002022B0 /* LaunchScreen.storyboard in Resources */,
				FFD4F5B71E48DBFF002022B0 /* Assets.xcassets in Resources */,
				FFD4F5B51E48DBFF002022B0 /* Main.storyboard in Resources */,
			);
			runOnlyForDeploymentPostprocessing = 0;
		};
/* End PBXResourcesBuildPhase section */

/* Begin PBXSourcesBuildPhase section */
		FFD4F5A81E48DBFF002022B0 /* Sources */ = {
			isa = PBXSourcesBuildPhase;
			buildActionMask = 2147483647;
			files = (
				FFD4F5B21E48DBFF002022B0 /* ViewController.swift in Sources */,
				FFD4F5B01E48DBFF002022B0 /* AppDelegate.swift in Sources */,
			);
			runOnlyForDeploymentPostprocessing = 0;
		};
/* End PBXSourcesBuildPhase section */

/* Begin PBXVariantGroup section */
		FFD4F5B31E48DBFF002022B0 /* Main.storyboard */ = {
			isa = PBXVariantGroup;
			children = (
				FFD4F5B41E48DBFF002022B0 /* Base */,
			);
			name = Main.storyboard;
			sourceTree = "<group>";
		};
		FFD4F5B81E48DBFF002022B0 /* LaunchScreen.storyboard */ = {
			isa = PBXVariantGroup;
			children = (
				FFD4F5B91E48DBFF002022B0 /* Base */,
			);
			name = LaunchScreen.storyboard;
			sourceTree = "<group>";
		};
/* End PBXVariantGroup section */

/* Begin XCBuildConfiguration section */
		FFD4F5BC1E48DBFF002022B0 /* Debug */ = {
			isa = XCBuildConfiguration;
			buildSettings = {
				ALWAYS_SEARCH_USER_PATHS = NO;
				CLANG_ANALYZER_NONNULL = YES;
				CLANG_CXX_LANGUAGE_STANDARD = "gnu++0x";
				CLANG_CXX_LIBRARY = "libc++";
				CLANG_ENABLE_MODULES = YES;
				CLANG_ENABLE_OBJC_ARC = YES;
				CLANG_WARN_BOOL_CONVERSION = YES;
				CLANG_WARN_CONSTANT_CONVERSION = YES;
				CLANG_WARN_DIRECT_OBJC_ISA_USAGE = YES_ERROR;
				CLANG_WARN_DOCUMENTATION_COMMENTS = YES;
				CLANG_WARN_EMPTY_BODY = YES;
				CLANG_WARN_ENUM_CONVERSION = YES;
				CLANG_WARN_INFINITE_RECURSION = YES;
				CLANG_WARN_INT_CONVERSION = YES;
				CLANG_WARN_OBJC_ROOT_CLASS = YES_ERROR;
				CLANG_WARN_SUSPICIOUS_MOVE = YES;
				CLANG_WARN_UNREACHABLE_CODE = YES;
				CLANG_WARN__DUPLICATE_METHOD_MATCH = YES;
				"CODE_SIGN_IDENTITY[sdk=iphoneos*]" = "iPhone Developer";
				COPY_PHASE_STRIP = NO;
				DEBUG_INFORMATION_FORMAT = dwarf;
				ENABLE_STRICT_OBJC_MSGSEND = YES;
				ENABLE_TESTABILITY = YES;
				GCC_C_LANGUAGE_STANDARD = gnu99;
				GCC_DYNAMIC_NO_PIC = NO;
				GCC_NO_COMMON_BLOCKS = YES;
				GCC_OPTIMIZATION_LEVEL = 0;
				GCC_PREPROCESSOR_DEFINITIONS = (
					"DEBUG=1",
					"$(inherited)",
				);
				GCC_WARN_64_TO_32_BIT_CONVERSION = YES;
				GCC_WARN_ABOUT_RETURN_TYPE = YES_ERROR;
				GCC_WARN_UNDECLARED_SELECTOR = YES;
				GCC_WARN_UNINITIALIZED_AUTOS = YES_AGGRESSIVE;
				GCC_WARN_UNUSED_FUNCTION = YES;
				GCC_WARN_UNUSED_VARIABLE = YES;
				IPHONEOS_DEPLOYMENT_TARGET = 10.2;
				MTL_ENABLE_DEBUG_INFO = YES;
				ONLY_ACTIVE_ARCH = YES;
				SDKROOT = iphoneos;
				SWIFT_ACTIVE_COMPILATION_CONDITIONS = DEBUG;
				SWIFT_OPTIMIZATION_LEVEL = "-Onone";
				TARGETED_DEVICE_FAMILY = "1,2";
			};
			name = Debug;
		};
		FFD4F5BD1E48DBFF002022B0 /* Release */ = {
			isa = XCBuildConfiguration;
			buildSettings = {
				ALWAYS_SEARCH_USER_PATHS = NO;
				CLANG_ANALYZER_NONNULL = YES;
				CLANG_CXX_LANGUAGE_STANDARD = "gnu++0x";
				CLANG_CXX_LIBRARY = "libc++";
				CLANG_ENABLE_MODULES = YES;
				CLANG_ENABLE_OBJC_ARC = YES;
				CLANG_WARN_BOOL_CONVERSION = YES;
				CLANG_WARN_CONSTANT_CONVERSION = YES;
				CLANG_WARN_DIRECT_OBJC_ISA_USAGE = YES_ERROR;
				CLANG_WARN_DOCUMENTATION_COMMENTS = YES;
				CLANG_WARN_EMPTY_BODY = YES;
				CLANG_WARN_ENUM_CONVERSION = YES;
				CLANG_WARN_INFINITE_RECURSION = YES;
				CLANG_WARN_INT_CONVERSION = YES;
				CLANG_WARN_OBJC_ROOT_CLASS = YES_ERROR;
				CLANG_WARN_SUSPICIOUS_MOVE = YES;
				CLANG_WARN_UNREACHABLE_CODE = YES;
				CLANG_WARN__DUPLICATE_METHOD_MATCH = YES;
				"CODE_SIGN_IDENTITY[sdk=iphoneos*]" = "iPhone Developer";
				COPY_PHASE_STRIP = NO;
				DEBUG_INFORMATION_FORMAT = "dwarf-with-dsym";
				ENABLE_NS_ASSERTIONS = NO;
				ENABLE_STRICT_OBJC_MSGSEND = YES;
				GCC_C_LANGUAGE_STANDARD = gnu99;
				GCC_NO_COMMON_BLOCKS = YES;
				GCC_WARN_64_TO_32_BIT_CONVERSION = YES;
				GCC_WARN_ABOUT_RETURN_TYPE = YES_ERROR;
				GCC_WARN_UNDECLARED_SELECTOR = YES;
				GCC_WARN_UNINITIALIZED_AUTOS = YES_AGGRESSIVE;
				GCC_WARN_UNUSED_FUNCTION = YES;
				GCC_WARN_UNUSED_VARIABLE = YES;
				IPHONEOS_DEPLOYMENT_TARGET = 10.2;
				MTL_ENABLE_DEBUG_INFO = NO;
				SDKROOT = iphoneos;
				SWIFT_OPTIMIZATION_LEVEL = "-Owholemodule";
				TARGETED_DEVICE_FAMILY = "1,2";
				VALIDATE_PRODUCT = YES;
			};
			name = Release;
		};
		FFD4F5BF1E48DBFF002022B0 /* Debug */ = {
			isa = XCBuildConfiguration;
			buildSettings = {
				ASSETCATALOG_COMPILER_APPICON_NAME = AppIcon;
				DEVELOPMENT_TEAM = 6XNB472P6E;
				INFOPLIST_FILE = Moviehub/Info.plist;
				LD_RUNPATH_SEARCH_PATHS = "$(inherited) @executable_path/Frameworks";
				PRODUCT_BUNDLE_IDENTIFIER = com.OskarApps.Moviehub;
				PRODUCT_NAME = "$(TARGET_NAME)";
				SWIFT_VERSION = 3.0;
			};
			name = Debug;
		};
		FFD4F5C01E48DBFF002022B0 /* Release */ = {
			isa = XCBuildConfiguration;
			buildSettings = {
				ASSETCATALOG_COMPILER_APPICON_NAME = AppIcon;
				DEVELOPMENT_TEAM = 6XNB472P6E;
				INFOPLIST_FILE = Moviehub/Info.plist;
				LD_RUNPATH_SEARCH_PATHS = "$(inherited) @executable_path/Frameworks";
				PRODUCT_BUNDLE_IDENTIFIER = com.OskarApps.Moviehub;
				PRODUCT_NAME = "$(TARGET_NAME)";
				SWIFT_VERSION = 3.0;
			};
			name = Release;
		};
/* End XCBuildConfiguration section */

/* Begin XCConfigurationList section */
		FFD4F5A71E48DBFE002022B0 /* Build configuration list for PBXProject "Moviehub" */ = {
			isa = XCConfigurationList;
			buildConfigurations = (
				FFD4F5BC1E48DBFF002022B0 /* Debug */,
				FFD4F5BD1E48DBFF002022B0 /* Release */,
			);
			defaultConfigurationIsVisible = 0;
			defaultConfigurationName = Release;
		};
		FFD4F5BE1E48DBFF002022B0 /* Build configuration list for PBXNativeTarget "Moviehub" */ = {
			isa = XCConfigurationList;
			buildConfigurations = (
				FFD4F5BF1E48DBFF002022B0 /* Debug */,
				FFD4F5C01E48DBFF002022B0 /* Release */,
			);
			defaultConfigurationIsVisible = 0;
			defaultConfigurationName = Release;
		};
/* End XCConfigurationList section */
	};
	rootObject = FFD4F5A41E48DBFE002022B0 /* Project object */;
}
